{
  "name": "managing-github-actions-secrets",
  "version": "1.0.0",
  "lockfileVersion": 3,
  "requires": true,
  "packages": {
    "": {
      "name": "managing-github-actions-secrets",
      "version": "1.0.0",
      "dependencies": {
        "dotenv": "16.3.1",
        "libsodium-wrappers": "0.7.11"
      }
    },
    "node_modules/dotenv": {
      "version": "16.3.1",
      "resolved": "https://registry.npmjs.org/dotenv/-/dotenv-16.3.1.tgz",
      "integrity": "sha512-IPzF4w4/Rd94bA9imS68tZBaYyBWSCE47V1RGuMrB94iyTOIEwRmVL2x/4An+6mETpLrKJ5hQkB8W4kFAadeIQ==",
      "engines": {
        "node": ">=12"
      },
      "funding": {
        "url": "https://github.com/motdotla/dotenv?sponsor=1"
      }
    },
    "node_modules/libsodium": {
      "version": "0.7.11",
      "resolved": "https://registry.npmjs.org/libsodium/-/libsodium-0.7.11.tgz",
      "integrity": "sha512-WPfJ7sS53I2s4iM58QxY3Inb83/6mjlYgcmZs7DJsvDlnmVUwNinBCi5vBT43P6bHRy01O4zsMU2CoVR6xJ40A=="
    },
    "node_modules/libsodium-wrappers": {
      "version": "0.7.11",
      "resolved": "https://registry.npmjs.org/libsodium-wrappers/-/libsodium-wrappers-0.7.11.tgz",
      "integrity": "sha512-SrcLtXj7BM19vUKtQuyQKiQCRJPgbpauzl3s0rSwD+60wtHqSUuqcoawlMDheCJga85nKOQwxNYQxf/CKAvs6Q==",
      "dependencies": {
        "libsodium": "^0.7.11"
      }
    }
  }
}
